{
  "name": "another_lighthouse_test_site",
  "version": "1.0.0",
  "lockfileVersion": 2,
  "requires": true,
  "packages": {
    "": {
      "name": "another_lighthouse_test_site",
      "version": "1.0.0",
      "license": "ISC",
      "devDependencies": {
        "@netlify/plugin-lighthouse": "@netlify/plugin-lighthouse#main"
      }
    },
    "@netlify/plugin-lighthouse": {
      "dev": true
    },
    "node_modules/@netlify/plugin-lighthouse": {
      "resolved": "@netlify/plugin-lighthouse",
      "link": true
    }
  },
  "dependencies": {
    "@netlify/plugin-lighthouse": {
      "version": "file:@netlify/plugin-lighthouse"
    }
  }
}
